# This file is generated by running "yarn install" inside your project.
# Manual changes might be lost - proceed with caution!

__metadata:
  version: 8
  cacheKey: 10c0

"a-package-with-test@workspace:packages/a-package-with-test":
  version: 0.0.0-use.local
  resolution: "a-package-with-test@workspace:packages/a-package-with-test"
  languageName: unknown
  linkType: soft

"a-package-without-test@workspace:packages/a-package-without-test":
  version: 0.0.0-use.local
  resolution: "a-package-without-test@workspace:packages/a-package-without-test"
  languageName: unknown
  linkType: soft

"another-package-with-test@workspace:packages/another-package-with-test":
  version: 0.0.0-use.local
  resolution: "another-package-with-test@workspace:packages/another-package-with-test"
  languageName: unknown
  linkType: soft

"one-more-package-with-test@workspace:packages/one-more-package-with-test":
  version: 0.0.0-use.local
  resolution: "one-more-package-with-test@workspace:packages/one-more-package-with-test"
  languageName: unknown
  linkType: soft

"test-all-packages-in-parallel@workspace:.":
  version: 0.0.0-use.local
  resolution: "test-all-packages-in-parallel@workspace:."
  languageName: unknown
  linkType: soft

"yet-another-package-with-test@workspace:packages/yet-another-package-with-test":
  version: 0.0.0-use.local
  resolution: "yet-another-package-with-test@workspace:packages/yet-another-package-with-test"
  languageName: unknown
  linkType: soft
